
Microsoft Visual Studio Solution File, Format Version 12.00
# Visual Studio Version 17
VisualStudioVersion = 17.3.32819.101
MinimumVisualStudioVersion = 10.0.40219.1
Project("{9A19103F-16F7-4668-BE54-9A1E7A4F7556}") = "GestionDesStagesTFYA.Server", "GestionDesStagesTFYA\Server\GestionDesStagesTFYA.Server.csproj", "{028F7D51-76F1-4CA8-AB8C-E1104D54EF83}"
EndProject
Project("{9A19103F-16F7-4668-BE54-9A1E7A4F7556}") = "GestionDesStagesTFYA.Client", "GestionDesStagesTFYA\Client\GestionDesStagesTFYA.Client.csproj", "{504E6E27-4CB0-4B40-9697-35AEA2031B56}"
EndProject
Project("{9A19103F-16F7-4668-BE54-9A1E7A4F7556}") = "GestionDesStagesTFYA.Shared", "GestionDesStagesTFYA\Shared\GestionDesStagesTFYA.Shared.csproj", "{80F1BF42-47DC-4F2D-9309-2416B3F3C787}"
EndProject
Global
	GlobalSection(SolutionConfigurationPlatforms) = preSolution
		Debug|Any CPU = Debug|Any CPU
		Release|Any CPU = Release|Any CPU
	EndGlobalSection
	GlobalSection(ProjectConfigurationPlatforms) = postSolution
		{028F7D51-76F1-4CA8-AB8C-E1104D54EF83}.Debug|Any CPU.ActiveCfg = Debug|Any CPU
		{028F7D51-76F1-4CA8-AB8C-E1104D54EF83}.Debug|Any CPU.Build.0 = Debug|Any CPU
		{028F7D51-76F1-4CA8-AB8C-E1104D54EF83}.Release|Any CPU.ActiveCfg = Release|Any CPU
		{028F7D51-76F1-4CA8-AB8C-E1104D54EF83}.Release|Any CPU.Build.0 = Release|Any CPU
		{504E6E27-4CB0-4B40-9697-35AEA2031B56}.Debug|Any CPU.ActiveCfg = Debug|Any CPU
		{504E6E27-4CB0-4B40-9697-35AEA2031B56}.Debug|Any CPU.Build.0 = Debug|Any CPU
		{504E6E27-4CB0-4B40-9697-35AEA2031B56}.Release|Any CPU.ActiveCfg = Release|Any CPU
		{504E6E27-4CB0-4B40-9697-35AEA2031B56}.Release|Any CPU.Build.0 = Release|Any CPU
		{80F1BF42-47DC-4F2D-9309-2416B3F3C787}.Debug|Any CPU.ActiveCfg = Debug|Any CPU
		{80F1BF42-47DC-4F2D-9309-2416B3F3C787}.Debug|Any CPU.Build.0 = Debug|Any CPU
		{80F1BF42-47DC-4F2D-9309-2416B3F3C787}.Release|Any CPU.ActiveCfg = Release|Any CPU
		{80F1BF42-47DC-4F2D-9309-2416B3F3C787}.Release|Any CPU.Build.0 = Release|Any CPU
	EndGlobalSection
	GlobalSection(SolutionProperties) = preSolution
		HideSolutionNode = FALSE
	EndGlobalSection
	GlobalSection(ExtensibilityGlobals) = postSolution
		SolutionGuid = {0551BE68-E6E6-4F0A-8473-2A35C34ADFF4}
	EndGlobalSection
EndGlobal
